
Microsoft Visual Studio Solution File, Format Version 12.00
# Visual Studio Version 16
VisualStudioVersion = 16.0.30114.105
MinimumVisualStudioVersion = 10.0.40219.1
Project("{FAE04EC0-301F-11D3-BF4B-00C04F79EFBC}") = "netcore-graphql-test", "netcore-graphql-test\netcore-graphql-test.csproj", "{2F1BB31E-6F1C-4641-B3E9-1B88627177ED}"
EndProject
Global
	GlobalSection(SolutionConfigurationPlatforms) = preSolution
		Debug|Any CPU = Debug|Any CPU
		Release|Any CPU = Release|Any CPU
	EndGlobalSection
	GlobalSection(ProjectConfigurationPlatforms) = postSolution
		{2F1BB31E-6F1C-4641-B3E9-1B88627177ED}.Debug|Any CPU.ActiveCfg = Debug|Any CPU
		{2F1BB31E-6F1C-4641-B3E9-1B88627177ED}.Debug|Any CPU.Build.0 = Debug|Any CPU
		{2F1BB31E-6F1C-4641-B3E9-1B88627177ED}.Release|Any CPU.ActiveCfg = Release|Any CPU
		{2F1BB31E-6F1C-4641-B3E9-1B88627177ED}.Release|Any CPU.Build.0 = Release|Any CPU
	EndGlobalSection
	GlobalSection(SolutionProperties) = preSolution
		HideSolutionNode = FALSE
	EndGlobalSection
	GlobalSection(ExtensibilityGlobals) = postSolution
		SolutionGuid = {E531D669-C65D-43EC-9D1A-05F00B0A5388}
	EndGlobalSection
EndGlobal
